
Microsoft Visual Studio Solution File, Format Version 12.00
# Visual Studio 15
Project("{FAE04EC0-301F-11D3-BF4B-00C04F79EFBC}") = "Assembly-CSharp", "Assembly-CSharp.csproj", "{D411027A-969F-331A-AC28-4D4CE9F818EC}"
EndProject
Project("{FAE04EC0-301F-11D3-BF4B-00C04F79EFBC}") = "Assembly-CSharp-Editor", "Assembly-CSharp-Editor.csproj", "{194E1463-F301-73AE-F372-9FD34E04BD63}"
EndProject
Global
	GlobalSection(SolutionConfigurationPlatforms) = preSolution
		Debug|Any CPU = Debug|Any CPU
		Release|Any CPU = Release|Any CPU
	EndGlobalSection
	GlobalSection(ProjectConfigurationPlatforms) = postSolution
		{D411027A-969F-331A-AC28-4D4CE9F818EC}.Debug|Any CPU.ActiveCfg = Debug|Any CPU
		{D411027A-969F-331A-AC28-4D4CE9F818EC}.Debug|Any CPU.Build.0 = Debug|Any CPU
		{D411027A-969F-331A-AC28-4D4CE9F818EC}.Release|Any CPU.ActiveCfg = Release|Any CPU
		{D411027A-969F-331A-AC28-4D4CE9F818EC}.Release|Any CPU.Build.0 = Release|Any CPU
		{194E1463-F301-73AE-F372-9FD34E04BD63}.Debug|Any CPU.ActiveCfg = Debug|Any CPU
		{194E1463-F301-73AE-F372-9FD34E04BD63}.Debug|Any CPU.Build.0 = Debug|Any CPU
		{194E1463-F301-73AE-F372-9FD34E04BD63}.Release|Any CPU.ActiveCfg = Release|Any CPU
		{194E1463-F301-73AE-F372-9FD34E04BD63}.Release|Any CPU.Build.0 = Release|Any CPU
	EndGlobalSection
	GlobalSection(SolutionProperties) = preSolution
		HideSolutionNode = FALSE
	EndGlobalSection
EndGlobal
